
Microsoft Visual Studio Solution File, Format Version 12.00
# Visual Studio Version 17
VisualStudioVersion = 17.7.34031.279
MinimumVisualStudioVersion = 10.0.40219.1
Project("{FAE04EC0-301F-11D3-BF4B-00C04F79EFBC}") = "TP-Lab1", "TP-Lab1\TP-Lab1.csproj", "{C0548A51-9322-4BC1-8E90-8AD783F6D4CD}"
EndProject
Global
	GlobalSection(SolutionConfigurationPlatforms) = preSolution
		Debug|Any CPU = Debug|Any CPU
		Release|Any CPU = Release|Any CPU
	EndGlobalSection
	GlobalSection(ProjectConfigurationPlatforms) = postSolution
		{C0548A51-9322-4BC1-8E90-8AD783F6D4CD}.Debug|Any CPU.ActiveCfg = Debug|Any CPU
		{C0548A51-9322-4BC1-8E90-8AD783F6D4CD}.Debug|Any CPU.Build.0 = Debug|Any CPU
		{C0548A51-9322-4BC1-8E90-8AD783F6D4CD}.Release|Any CPU.ActiveCfg = Release|Any CPU
		{C0548A51-9322-4BC1-8E90-8AD783F6D4CD}.Release|Any CPU.Build.0 = Release|Any CPU
	EndGlobalSection
	GlobalSection(SolutionProperties) = preSolution
		HideSolutionNode = FALSE
	EndGlobalSection
	GlobalSection(ExtensibilityGlobals) = postSolution
		SolutionGuid = {8B1438FD-F111-4E0B-B31B-44B110BA9419}
	EndGlobalSection
EndGlobal
